
Microsoft Visual Studio Solution File, Format Version 12.00
# Visual Studio Version 17
VisualStudioVersion = 17.7.34031.279
MinimumVisualStudioVersion = 10.0.40219.1
Project("{FAE04EC0-301F-11D3-BF4B-00C04F79EFBC}") = "NhatKi2023", "NhatKi2023\NhatKi2023.csproj", "{EFC1EE29-3DBD-4388-89D5-55AA65D9335B}"
EndProject
Global
	GlobalSection(SolutionConfigurationPlatforms) = preSolution
		Debug|Any CPU = Debug|Any CPU
		Release|Any CPU = Release|Any CPU
	EndGlobalSection
	GlobalSection(ProjectConfigurationPlatforms) = postSolution
		{EFC1EE29-3DBD-4388-89D5-55AA65D9335B}.Debug|Any CPU.ActiveCfg = Debug|Any CPU
		{EFC1EE29-3DBD-4388-89D5-55AA65D9335B}.Debug|Any CPU.Build.0 = Debug|Any CPU
		{EFC1EE29-3DBD-4388-89D5-55AA65D9335B}.Release|Any CPU.ActiveCfg = Release|Any CPU
		{EFC1EE29-3DBD-4388-89D5-55AA65D9335B}.Release|Any CPU.Build.0 = Release|Any CPU
	EndGlobalSection
	GlobalSection(SolutionProperties) = preSolution
		HideSolutionNode = FALSE
	EndGlobalSection
	GlobalSection(ExtensibilityGlobals) = postSolution
		SolutionGuid = {291601F8-EA92-4F9B-BA12-FF7B256AABBB}
	EndGlobalSection
EndGlobal
